
Microsoft Visual Studio Solution File, Format Version 12.00
# Visual Studio Version 17
VisualStudioVersion = 17.0.31903.59
MinimumVisualStudioVersion = 10.0.40219.1
Project("{FAE04EC0-301F-11D3-BF4B-00C04F79EFBC}") = "DevTools.Dashboard", "DevTools.Dashboard\DevTools.Dashboard.csproj", "{CD48AD4C-9C42-4054-8D10-F87A37B0DD49}"
EndProject
Project("{FAE04EC0-301F-11D3-BF4B-00C04F79EFBC}") = "DevTools.Tooling", "DevTools.Tooling\DevTools.Tooling.csproj", "{762FCDC6-97B2-4113-B3E5-B581DBD5D553}"
EndProject
Global
	GlobalSection(SolutionConfigurationPlatforms) = preSolution
		Debug|Any CPU = Debug|Any CPU
		Release|Any CPU = Release|Any CPU
	EndGlobalSection
	GlobalSection(SolutionProperties) = preSolution
		HideSolutionNode = FALSE
	EndGlobalSection
	GlobalSection(ProjectConfigurationPlatforms) = postSolution
		{CD48AD4C-9C42-4054-8D10-F87A37B0DD49}.Debug|Any CPU.ActiveCfg = Debug|Any CPU
		{CD48AD4C-9C42-4054-8D10-F87A37B0DD49}.Debug|Any CPU.Build.0 = Debug|Any CPU
		{CD48AD4C-9C42-4054-8D10-F87A37B0DD49}.Release|Any CPU.ActiveCfg = Release|Any CPU
		{CD48AD4C-9C42-4054-8D10-F87A37B0DD49}.Release|Any CPU.Build.0 = Release|Any CPU
		{762FCDC6-97B2-4113-B3E5-B581DBD5D553}.Debug|Any CPU.ActiveCfg = Debug|Any CPU
		{762FCDC6-97B2-4113-B3E5-B581DBD5D553}.Debug|Any CPU.Build.0 = Debug|Any CPU
		{762FCDC6-97B2-4113-B3E5-B581DBD5D553}.Release|Any CPU.ActiveCfg = Release|Any CPU
		{762FCDC6-97B2-4113-B3E5-B581DBD5D553}.Release|Any CPU.Build.0 = Release|Any CPU
	EndGlobalSection
EndGlobal
